
Microsoft Visual Studio Solution File, Format Version 12.00
# Visual Studio 14
VisualStudioVersion = 14.0.25123.0
MinimumVisualStudioVersion = 10.0.40219.1
Project("{FAE04EC0-301F-11D3-BF4B-00C04F79EFBC}") = "BattleOfTanks", "BattleOfTanks\BattleOfTanks.csproj", "{962ECF15-EB7A-473F-A39F-2FB6049420B8}"
EndProject
Project("{54435603-DBB4-11D2-8724-00A0C9A8B90C}") = "坦克大战v0.1", "坦克大战v0.1\坦克大战v0.1.vdproj", "{A8A676B5-A195-4316-81BF-0DB213BE0C54}"
EndProject
Global
	GlobalSection(SolutionConfigurationPlatforms) = preSolution
		Debug|Any CPU = Debug|Any CPU
		Release|Any CPU = Release|Any CPU
	EndGlobalSection
	GlobalSection(ProjectConfigurationPlatforms) = postSolution
		{962ECF15-EB7A-473F-A39F-2FB6049420B8}.Debug|Any CPU.ActiveCfg = Debug|Any CPU
		{962ECF15-EB7A-473F-A39F-2FB6049420B8}.Debug|Any CPU.Build.0 = Debug|Any CPU
		{962ECF15-EB7A-473F-A39F-2FB6049420B8}.Release|Any CPU.ActiveCfg = Release|Any CPU
		{962ECF15-EB7A-473F-A39F-2FB6049420B8}.Release|Any CPU.Build.0 = Release|Any CPU
		{A8A676B5-A195-4316-81BF-0DB213BE0C54}.Debug|Any CPU.ActiveCfg = Debug
		{A8A676B5-A195-4316-81BF-0DB213BE0C54}.Release|Any CPU.ActiveCfg = Release
	EndGlobalSection
	GlobalSection(SolutionProperties) = preSolution
		HideSolutionNode = FALSE
	EndGlobalSection
EndGlobal
